
Microsoft Visual Studio Solution File, Format Version 12.00
# Visual Studio 14
VisualStudioVersion = 14.0.23107.0
MinimumVisualStudioVersion = 10.0.40219.1
Project("{FAE04EC0-301F-11D3-BF4B-00C04F79EFBC}") = "WeatherApp.MVC", "WeatherApp\WeatherApp.MVC.csproj", "{E2B4F602-B0A5-4212-A7B1-8E3E7EEC266D}"
EndProject
Project("{FAE04EC0-301F-11D3-BF4B-00C04F79EFBC}") = "WeatherApp.Tests", "WeatherApp.Tests\WeatherApp.Tests.csproj", "{BABA832A-140C-4DF0-9D46-0F4B1A15752E}"
EndProject
Project("{8BB2217D-0F2D-49D1-97BC-3654ED321F3B}") = "WeatherApp.Domain", "WeatherApp.Domain\WeatherApp.Domain.xproj", "{2CEF9C6B-38F6-4FF1-A67C-386997F02AB6}"
EndProject
Global
	GlobalSection(SolutionConfigurationPlatforms) = preSolution
		Debug|Any CPU = Debug|Any CPU
		Release|Any CPU = Release|Any CPU
	EndGlobalSection
	GlobalSection(ProjectConfigurationPlatforms) = postSolution
		{E2B4F602-B0A5-4212-A7B1-8E3E7EEC266D}.Debug|Any CPU.ActiveCfg = Debug|Any CPU
		{E2B4F602-B0A5-4212-A7B1-8E3E7EEC266D}.Debug|Any CPU.Build.0 = Debug|Any CPU
		{E2B4F602-B0A5-4212-A7B1-8E3E7EEC266D}.Release|Any CPU.ActiveCfg = Release|Any CPU
		{E2B4F602-B0A5-4212-A7B1-8E3E7EEC266D}.Release|Any CPU.Build.0 = Release|Any CPU
		{BABA832A-140C-4DF0-9D46-0F4B1A15752E}.Debug|Any CPU.ActiveCfg = Debug|Any CPU
		{BABA832A-140C-4DF0-9D46-0F4B1A15752E}.Debug|Any CPU.Build.0 = Debug|Any CPU
		{BABA832A-140C-4DF0-9D46-0F4B1A15752E}.Release|Any CPU.ActiveCfg = Release|Any CPU
		{BABA832A-140C-4DF0-9D46-0F4B1A15752E}.Release|Any CPU.Build.0 = Release|Any CPU
		{2CEF9C6B-38F6-4FF1-A67C-386997F02AB6}.Debug|Any CPU.ActiveCfg = Debug|Any CPU
		{2CEF9C6B-38F6-4FF1-A67C-386997F02AB6}.Debug|Any CPU.Build.0 = Debug|Any CPU
		{2CEF9C6B-38F6-4FF1-A67C-386997F02AB6}.Release|Any CPU.ActiveCfg = Release|Any CPU
		{2CEF9C6B-38F6-4FF1-A67C-386997F02AB6}.Release|Any CPU.Build.0 = Release|Any CPU
	EndGlobalSection
	GlobalSection(SolutionProperties) = preSolution
		HideSolutionNode = FALSE
	EndGlobalSection
EndGlobal
